
Microsoft Visual Studio Solution File, Format Version 12.00
# Visual Studio Version 17
VisualStudioVersion = 17.14.36327.8 d17.14
MinimumVisualStudioVersion = 10.0.40219.1
Project("{FAE04EC0-301F-11D3-BF4B-00C04F79EFBC}") = "Nombres", "Nombres\Nombres.csproj", "{646C313B-3321-4998-A0C5-91DE519CD17A}"
EndProject
Global
	GlobalSection(SolutionConfigurationPlatforms) = preSolution
		Debug|Any CPU = Debug|Any CPU
		Release|Any CPU = Release|Any CPU
	EndGlobalSection
	GlobalSection(ProjectConfigurationPlatforms) = postSolution
		{646C313B-3321-4998-A0C5-91DE519CD17A}.Debug|Any CPU.ActiveCfg = Debug|Any CPU
		{646C313B-3321-4998-A0C5-91DE519CD17A}.Debug|Any CPU.Build.0 = Debug|Any CPU
		{646C313B-3321-4998-A0C5-91DE519CD17A}.Release|Any CPU.ActiveCfg = Release|Any CPU
		{646C313B-3321-4998-A0C5-91DE519CD17A}.Release|Any CPU.Build.0 = Release|Any CPU
	EndGlobalSection
	GlobalSection(SolutionProperties) = preSolution
		HideSolutionNode = FALSE
	EndGlobalSection
	GlobalSection(ExtensibilityGlobals) = postSolution
		SolutionGuid = {5CC22D3F-A307-4B6E-BB04-B20FC407210A}
	EndGlobalSection
EndGlobal
